
Microsoft Visual Studio Solution File, Format Version 12.00
# Visual Studio Version 17
VisualStudioVersion = 17.7.34221.43
MinimumVisualStudioVersion = 10.0.40219.1
Project("{FAE04EC0-301F-11D3-BF4B-00C04F79EFBC}") = "API-PF", "API-PF\API-PF.csproj", "{80806AAA-F6BA-4943-A0B8-21EBF07156D3}"
EndProject
Project("{FAE04EC0-301F-11D3-BF4B-00C04F79EFBC}") = "BIBLIOTECA", "BIBLIOTECA\BIBLIOTECA.csproj", "{91CB8B30-4E36-4032-9204-9548D1A8E2F7}"
EndProject
Global
	GlobalSection(SolutionConfigurationPlatforms) = preSolution
		Debug|Any CPU = Debug|Any CPU
		Release|Any CPU = Release|Any CPU
	EndGlobalSection
	GlobalSection(ProjectConfigurationPlatforms) = postSolution
		{80806AAA-F6BA-4943-A0B8-21EBF07156D3}.Debug|Any CPU.ActiveCfg = Debug|Any CPU
		{80806AAA-F6BA-4943-A0B8-21EBF07156D3}.Debug|Any CPU.Build.0 = Debug|Any CPU
		{80806AAA-F6BA-4943-A0B8-21EBF07156D3}.Release|Any CPU.ActiveCfg = Release|Any CPU
		{80806AAA-F6BA-4943-A0B8-21EBF07156D3}.Release|Any CPU.Build.0 = Release|Any CPU
		{91CB8B30-4E36-4032-9204-9548D1A8E2F7}.Debug|Any CPU.ActiveCfg = Debug|Any CPU
		{91CB8B30-4E36-4032-9204-9548D1A8E2F7}.Debug|Any CPU.Build.0 = Debug|Any CPU
		{91CB8B30-4E36-4032-9204-9548D1A8E2F7}.Release|Any CPU.ActiveCfg = Release|Any CPU
		{91CB8B30-4E36-4032-9204-9548D1A8E2F7}.Release|Any CPU.Build.0 = Release|Any CPU
	EndGlobalSection
	GlobalSection(SolutionProperties) = preSolution
		HideSolutionNode = FALSE
	EndGlobalSection
	GlobalSection(ExtensibilityGlobals) = postSolution
		SolutionGuid = {40DC169F-9B21-477A-AA7B-A0E8068188EA}
	EndGlobalSection
EndGlobal
